
Microsoft Visual Studio Solution File, Format Version 12.00
# Visual Studio Version 16
VisualStudioVersion = 16.0.29613.14
MinimumVisualStudioVersion = 10.0.40219.1
Project("{FAE04EC0-301F-11D3-BF4B-00C04F79EFBC}") = "SalaryEstimate_Desktop", "SalaryEstimate_Desktop\SalaryEstimate_Desktop.csproj", "{06C55C6A-047D-4F25-9E42-C001CAC4242E}"
EndProject
Project("{FAE04EC0-301F-11D3-BF4B-00C04F79EFBC}") = "NUnitTestProject1", "NUnitTestProject1\NUnitTestProject1.csproj", "{41F6056D-A469-4198-8897-AA63C9284A48}"
EndProject
Global
	GlobalSection(SolutionConfigurationPlatforms) = preSolution
		Debug|Any CPU = Debug|Any CPU
		Release|Any CPU = Release|Any CPU
	EndGlobalSection
	GlobalSection(ProjectConfigurationPlatforms) = postSolution
		{06C55C6A-047D-4F25-9E42-C001CAC4242E}.Debug|Any CPU.ActiveCfg = Debug|Any CPU
		{06C55C6A-047D-4F25-9E42-C001CAC4242E}.Debug|Any CPU.Build.0 = Debug|Any CPU
		{06C55C6A-047D-4F25-9E42-C001CAC4242E}.Release|Any CPU.ActiveCfg = Release|Any CPU
		{06C55C6A-047D-4F25-9E42-C001CAC4242E}.Release|Any CPU.Build.0 = Release|Any CPU
		{41F6056D-A469-4198-8897-AA63C9284A48}.Debug|Any CPU.ActiveCfg = Debug|Any CPU
		{41F6056D-A469-4198-8897-AA63C9284A48}.Debug|Any CPU.Build.0 = Debug|Any CPU
		{41F6056D-A469-4198-8897-AA63C9284A48}.Release|Any CPU.ActiveCfg = Release|Any CPU
		{41F6056D-A469-4198-8897-AA63C9284A48}.Release|Any CPU.Build.0 = Release|Any CPU
	EndGlobalSection
	GlobalSection(SolutionProperties) = preSolution
		HideSolutionNode = FALSE
	EndGlobalSection
	GlobalSection(ExtensibilityGlobals) = postSolution
		SolutionGuid = {2F03421A-BADA-4F47-842C-7FD479709F73}
	EndGlobalSection
EndGlobal
